
Microsoft Visual Studio Solution File, Format Version 12.00
# Visual Studio Version 17
VisualStudioVersion = 17.13.35931.197 d17.13
MinimumVisualStudioVersion = 10.0.40219.1
Project("{FAE04EC0-301F-11D3-BF4B-00C04F79EFBC}") = "Testna aplikacija", "Testna aplikacija\Testna aplikacija.csproj", "{2BFC4537-1D80-47BD-8F75-F2A45A99C1F1}"
EndProject
Global
	GlobalSection(SolutionConfigurationPlatforms) = preSolution
		Debug|Any CPU = Debug|Any CPU
		Release|Any CPU = Release|Any CPU
	EndGlobalSection
	GlobalSection(ProjectConfigurationPlatforms) = postSolution
		{2BFC4537-1D80-47BD-8F75-F2A45A99C1F1}.Debug|Any CPU.ActiveCfg = Debug|Any CPU
		{2BFC4537-1D80-47BD-8F75-F2A45A99C1F1}.Debug|Any CPU.Build.0 = Debug|Any CPU
		{2BFC4537-1D80-47BD-8F75-F2A45A99C1F1}.Release|Any CPU.ActiveCfg = Release|Any CPU
		{2BFC4537-1D80-47BD-8F75-F2A45A99C1F1}.Release|Any CPU.Build.0 = Release|Any CPU
	EndGlobalSection
	GlobalSection(SolutionProperties) = preSolution
		HideSolutionNode = FALSE
	EndGlobalSection
	GlobalSection(ExtensibilityGlobals) = postSolution
		SolutionGuid = {998BEEE5-5718-4B10-BE38-EC5CF251FD0A}
	EndGlobalSection
EndGlobal
